{
    "name": "nicole-sqlite",
    "version": "1.0.3",
    "lockfileVersion": 1,
    "requires": true,
    "dependencies": {
        "@types/node": {
            "version": "8.0.32",
            "resolved": "https://registry.npmjs.org/@types/node/-/node-8.0.32.tgz",
            "integrity": "sha512-n1zzgeQehndikZc/8N4rGSZc99cO6Tb3OInKzvWYniJsT/jet3m57buaBFa5cMeVNFosN4PKZ2LM1y16CFD7Rg==",
            "dev": true
        },
        "nativescript-loading-indicator": {
            "version": "2.4.0",
            "resolved": "https://registry.npmjs.org/nativescript-loading-indicator/-/nativescript-loading-indicator-2.4.0.tgz",
            "integrity": "sha512-AsxtMsdezx6a+1zGDT0hkrZ3GLx2QPa7sHk43BMcO/inor8ElRktNV9T0ylIZgLwt7AAa814sSiPW1GPi0hduw=="
        },
        "nativescript-pro-ui": {
            "version": "3.1.4",
            "resolved": "https://registry.npmjs.org/nativescript-pro-ui/-/nativescript-pro-ui-3.1.4.tgz",
            "integrity": "sha1-mSg6Nu+nBaWDYVGQaxrJ4ZCuzcY="
        },
        "nativescript-sqlite": {
            "version": "1.1.9",
            "resolved": "https://registry.npmjs.org/nativescript-sqlite/-/nativescript-sqlite-1.1.9.tgz",
            "integrity": "sha1-5iZKTvO5qeeFyMp2eUKicn87/N0="
        },
        "tns-core-modules": {
            "version": "3.2.0",
            "resolved": "https://registry.npmjs.org/tns-core-modules/-/tns-core-modules-3.2.0.tgz",
            "integrity": "sha1-v0cYlbc8teVUnETyU0Hff100+cI=",
            "requires": {
                "tns-core-modules-widgets": "3.2.0"
            }
        },
        "tns-core-modules-widgets": {
            "version": "3.2.0",
            "resolved": "https://registry.npmjs.org/tns-core-modules-widgets/-/tns-core-modules-widgets-3.2.0.tgz",
            "integrity": "sha1-bTIK6dHhyudsdEPEpfrqvtsAR3M="
        },
        "typescript": {
            "version": "2.5.3",
            "resolved": "https://registry.npmjs.org/typescript/-/typescript-2.5.3.tgz",
            "integrity": "sha512-ptLSQs2S4QuS6/OD1eAKG+S5G8QQtrU5RT32JULdZQtM1L3WTi34Wsu48Yndzi8xsObRAB9RPt/KhA9wlpEF6w==",
            "dev": true
        }
    }
}
